// !$*UTF8*$!
{
	archiveVersion = 1;
	classes = {
	};
	objectVersion = 56;
	objects = {

/* Begin PBXBuildFile section */
		C70E9FE42D2EFA2D009D847F /* MarkdownUI in Frameworks */ = {isa = PBXBuildFile; productRef = C70E9FE32D2EFA2D009D847F /* MarkdownUI */; };
		C716E85B2D39977E00E4DEBC /* AsyncAlgorithms in Frameworks */ = {isa = PBXBuildFile; productRef = C716E85A2D39977E00E4DEBC /* AsyncAlgorithms */; };
		C716E85E2D39CBB300E4DEBC /* CheatsheetsDataServiceProtocol.swift in Sources */ = {isa = PBXBuildFile; fileRef = C716E85D2D39CBB300E4DEBC /* CheatsheetsDataServiceProtocol.swift */; };
		C716E8602D39CE7500E4DEBC /* CheatsheetsDataService.swift in Sources */ = {isa = PBXBuildFile; fileRef = C716E85F2D39CE7500E4DEBC /* CheatsheetsDataService.swift */; };
		C716E8632D39D14000E4DEBC /* MockCheatsheetsDataService.swift in Sources */ = {isa = PBXBuildFile; fileRef = C716E8622D39D14000E4DEBC /* MockCheatsheetsDataService.swift */; };
		C71A3B562D31D0C50009791F /* SDWebImageSwiftUI in Frameworks */ = {isa = PBXBuildFile; productRef = C71A3B552D31D0C50009791F /* SDWebImageSwiftUI */; };
		C71A3B5C2D31DD710009791F /* SDWebImageSVGNativeCoder in Frameworks */ = {isa = PBXBuildFile; productRef = C71A3B5B2D31DD710009791F /* SDWebImageSVGNativeCoder */; };
		C7334F442D338D4600565CDD /* Cheatsheet.swift in Sources */ = {isa = PBXBuildFile; fileRef = C7334F432D338D4600565CDD /* Cheatsheet.swift */; };
		C7334F472D338DF200565CDD /* CheatsheetsViewModel.swift in Sources */ = {isa = PBXBuildFile; fileRef = C7334F462D338DF200565CDD /* CheatsheetsViewModel.swift */; };
		C73F59692D35C276009DADD8 /* CheatsheetRowView.swift in Sources */ = {isa = PBXBuildFile; fileRef = C73F59682D35C276009DADD8 /* CheatsheetRowView.swift */; };
		C75248192D2EF36C008034FE /* DevStackApp.swift in Sources */ = {isa = PBXBuildFile; fileRef = C75248182D2EF36C008034FE /* DevStackApp.swift */; };
		C752481B2D2EF36C008034FE /* ContentView.swift in Sources */ = {isa = PBXBuildFile; fileRef = C752481A2D2EF36C008034FE /* ContentView.swift */; };
		C752481D2D2EF36D008034FE /* Assets.xcassets in Resources */ = {isa = PBXBuildFile; fileRef = C752481C2D2EF36D008034FE /* Assets.xcassets */; };
		C75248202D2EF36D008034FE /* Preview Assets.xcassets in Resources */ = {isa = PBXBuildFile; fileRef = C752481F2D2EF36D008034FE /* Preview Assets.xcassets */; };
		C760EBB52D33044000BC09A0 /* MarkdownTheme.swift in Sources */ = {isa = PBXBuildFile; fileRef = C760EBB42D33044000BC09A0 /* MarkdownTheme.swift */; };
		C76C0F142D321A9700570AEA /* cheatsheets.json in Resources */ = {isa = PBXBuildFile; fileRef = C76C0F132D321A9700570AEA /* cheatsheets.json */; };
		C76C0F162D321ABC00570AEA /* PreviewData.swift in Sources */ = {isa = PBXBuildFile; fileRef = C76C0F152D321ABC00570AEA /* PreviewData.swift */; };
		C76C0F192D321D7900570AEA /* Color.swift in Sources */ = {isa = PBXBuildFile; fileRef = C76C0F182D321D7900570AEA /* Color.swift */; };
		C76C0F1C2D32213B00570AEA /* AppDelegate.swift in Sources */ = {isa = PBXBuildFile; fileRef = C76C0F1B2D32213B00570AEA /* AppDelegate.swift */; };
		C76C0F1E2D3225B200570AEA /* CheatsheetContentView.swift in Sources */ = {isa = PBXBuildFile; fileRef = C76C0F1D2D3225B200570AEA /* CheatsheetContentView.swift */; };
		C788ABA42D3498D600CEA2E5 /* CachedImageView.swift in Sources */ = {isa = PBXBuildFile; fileRef = C788ABA32D3498D600CEA2E5 /* CachedImageView.swift */; };
		C79CAABF2D36FDE600562029 /* MarkdownView.swift in Sources */ = {isa = PBXBuildFile; fileRef = C79CAABE2D36FDE600562029 /* MarkdownView.swift */; };
		C79DD1E22D3627730042F095 /* PreviewViewModel.swift in Sources */ = {isa = PBXBuildFile; fileRef = C79DD1E12D3627730042F095 /* PreviewViewModel.swift */; };
		C7C85EA72D2F030B00BB181B /* Splash in Frameworks */ = {isa = PBXBuildFile; productRef = C7C85EA62D2F030B00BB181B /* Splash */; };
		C7C85EA92D2F030B00BB181B /* SplashHTMLGen in Frameworks */ = {isa = PBXBuildFile; productRef = C7C85EA82D2F030B00BB181B /* SplashHTMLGen */; };
		C7C85EAB2D2F030B00BB181B /* SplashImageGen in Frameworks */ = {isa = PBXBuildFile; productRef = C7C85EAA2D2F030B00BB181B /* SplashImageGen */; };
		C7C85EAD2D2F030B00BB181B /* SplashMarkdown in Frameworks */ = {isa = PBXBuildFile; productRef = C7C85EAC2D2F030B00BB181B /* SplashMarkdown */; };
		C7C85EAF2D2F030B00BB181B /* SplashTokenizer in Frameworks */ = {isa = PBXBuildFile; productRef = C7C85EAE2D2F030B00BB181B /* SplashTokenizer */; };
		C7C85EB12D2F041E00BB181B /* SplashCodeSyntaxHighlighter.swift in Sources */ = {isa = PBXBuildFile; fileRef = C7C85EB02D2F041E00BB181B /* SplashCodeSyntaxHighlighter.swift */; };
		C7C85EB32D2F045700BB181B /* TextOutputFormat.swift in Sources */ = {isa = PBXBuildFile; fileRef = C7C85EB22D2F045700BB181B /* TextOutputFormat.swift */; };
		C7C85EB52D2F0A5E00BB181B /* CheatsheetsView.swift in Sources */ = {isa = PBXBuildFile; fileRef = C7C85EB42D2F0A5E00BB181B /* CheatsheetsView.swift */; };
		C7E8BFDD2D32E98B00A48C9B /* CheatsheetDetailView.swift in Sources */ = {isa = PBXBuildFile; fileRef = C7E8BFDC2D32E98B00A48C9B /* CheatsheetDetailView.swift */; };
/* End PBXBuildFile section */

/* Begin PBXFileReference section */
		C716E85D2D39CBB300E4DEBC /* CheatsheetsDataServiceProtocol.swift */ = {isa = PBXFileReference; lastKnownFileType = sourcecode.swift; path = CheatsheetsDataServiceProtocol.swift; sourceTree = "<group>"; };
		C716E85F2D39CE7500E4DEBC /* CheatsheetsDataService.swift */ = {isa = PBXFileReference; lastKnownFileType = sourcecode.swift; path = CheatsheetsDataService.swift; sourceTree = "<group>"; };
		C716E8622D39D14000E4DEBC /* MockCheatsheetsDataService.swift */ = {isa = PBXFileReference; lastKnownFileType = sourcecode.swift; path = MockCheatsheetsDataService.swift; sourceTree = "<group>"; };
		C7334F432D338D4600565CDD /* Cheatsheet.swift */ = {isa = PBXFileReference; lastKnownFileType = sourcecode.swift; path = Cheatsheet.swift; sourceTree = "<group>"; };
		C7334F462D338DF200565CDD /* CheatsheetsViewModel.swift */ = {isa = PBXFileReference; lastKnownFileType = sourcecode.swift; path = CheatsheetsViewModel.swift; sourceTree = "<group>"; };
		C73F59682D35C276009DADD8 /* CheatsheetRowView.swift */ = {isa = PBXFileReference; lastKnownFileType = sourcecode.swift; path = CheatsheetRowView.swift; sourceTree = "<group>"; };
		C75248152D2EF36C008034FE /* DevStack.app */ = {isa = PBXFileReference; explicitFileType = wrapper.application; includeInIndex = 0; path = DevStack.app; sourceTree = BUILT_PRODUCTS_DIR; };
		C75248182D2EF36C008034FE /* DevStackApp.swift */ = {isa = PBXFileReference; lastKnownFileType = sourcecode.swift; path = DevStackApp.swift; sourceTree = "<group>"; };
		C752481A2D2EF36C008034FE /* ContentView.swift */ = {isa = PBXFileReference; lastKnownFileType = sourcecode.swift; path = ContentView.swift; sourceTree = "<group>"; };
		C752481C2D2EF36D008034FE /* Assets.xcassets */ = {isa = PBXFileReference; lastKnownFileType = folder.assetcatalog; path = Assets.xcassets; sourceTree = "<group>"; };
		C752481F2D2EF36D008034FE /* Preview Assets.xcassets */ = {isa = PBXFileReference; lastKnownFileType = folder.assetcatalog; path = "Preview Assets.xcassets"; sourceTree = "<group>"; };
		C760EBB42D33044000BC09A0 /* MarkdownTheme.swift */ = {isa = PBXFileReference; lastKnownFileType = sourcecode.swift; path = MarkdownTheme.swift; sourceTree = "<group>"; };
		C76C0F132D321A9700570AEA /* cheatsheets.json */ = {isa = PBXFileReference; fileEncoding = 4; lastKnownFileType = text.json; path = cheatsheets.json; sourceTree = "<group>"; };
		C76C0F152D321ABC00570AEA /* PreviewData.swift */ = {isa = PBXFileReference; lastKnownFileType = sourcecode.swift; path = PreviewData.swift; sourceTree = "<group>"; };
		C76C0F182D321D7900570AEA /* Color.swift */ = {isa = PBXFileReference; lastKnownFileType = sourcecode.swift; path = Color.swift; sourceTree = "<group>"; };
		C76C0F1B2D32213B00570AEA /* AppDelegate.swift */ = {isa = PBXFileReference; lastKnownFileType = sourcecode.swift; path = AppDelegate.swift; sourceTree = "<group>"; };
		C76C0F1D2D3225B200570AEA /* CheatsheetContentView.swift */ = {isa = PBXFileReference; lastKnownFileType = sourcecode.swift; path = CheatsheetContentView.swift; sourceTree = "<group>"; };
		C788ABA32D3498D600CEA2E5 /* CachedImageView.swift */ = {isa = PBXFileReference; lastKnownFileType = sourcecode.swift; path = CachedImageView.swift; sourceTree = "<group>"; };
		C79CAABE2D36FDE600562029 /* MarkdownView.swift */ = {isa = PBXFileReference; lastKnownFileType = sourcecode.swift; path = MarkdownView.swift; sourceTree = "<group>"; };
		C79DD1E12D3627730042F095 /* PreviewViewModel.swift */ = {isa = PBXFileReference; lastKnownFileType = sourcecode.swift; path = PreviewViewModel.swift; sourceTree = "<group>"; };
		C7C85EB02D2F041E00BB181B /* SplashCodeSyntaxHighlighter.swift */ = {isa = PBXFileReference; lastKnownFileType = sourcecode.swift; path = SplashCodeSyntaxHighlighter.swift; sourceTree = "<group>"; };
		C7C85EB22D2F045700BB181B /* TextOutputFormat.swift */ = {isa = PBXFileReference; lastKnownFileType = sourcecode.swift; path = TextOutputFormat.swift; sourceTree = "<group>"; };
		C7C85EB42D2F0A5E00BB181B /* CheatsheetsView.swift */ = {isa = PBXFileReference; lastKnownFileType = sourcecode.swift; path = CheatsheetsView.swift; sourceTree = "<group>"; };
		C7E8BFDC2D32E98B00A48C9B /* CheatsheetDetailView.swift */ = {isa = PBXFileReference; lastKnownFileType = sourcecode.swift; path = CheatsheetDetailView.swift; sourceTree = "<group>"; };
/* End PBXFileReference section */

/* Begin PBXFrameworksBuildPhase section */
		C75248122D2EF36C008034FE /* Frameworks */ = {
			isa = PBXFrameworksBuildPhase;
			buildActionMask = 2147483647;
			files = (
				C71A3B562D31D0C50009791F /* SDWebImageSwiftUI in Frameworks */,
				C7C85EAD2D2F030B00BB181B /* SplashMarkdown in Frameworks */,
				C716E85B2D39977E00E4DEBC /* AsyncAlgorithms in Frameworks */,
				C7C85EA92D2F030B00BB181B /* SplashHTMLGen in Frameworks */,
				C70E9FE42D2EFA2D009D847F /* MarkdownUI in Frameworks */,
				C7C85EAF2D2F030B00BB181B /* SplashTokenizer in Frameworks */,
				C7C85EAB2D2F030B00BB181B /* SplashImageGen in Frameworks */,
				C7C85EA72D2F030B00BB181B /* Splash in Frameworks */,
				C71A3B5C2D31DD710009791F /* SDWebImageSVGNativeCoder in Frameworks */,
			);
			runOnlyForDeploymentPostprocessing = 0;
		};
/* End PBXFrameworksBuildPhase section */

/* Begin PBXGroup section */
		C716E85C2D39CB4D00E4DEBC /* Service */ = {
			isa = PBXGroup;
			children = (
				C716E85D2D39CBB300E4DEBC /* CheatsheetsDataServiceProtocol.swift */,
				C716E85F2D39CE7500E4DEBC /* CheatsheetsDataService.swift */,
			);
			path = Service;
			sourceTree = "<group>";
		};
		C716E8612D39D11000E4DEBC /* Mocks */ = {
			isa = PBXGroup;
			children = (
				C716E8622D39D14000E4DEBC /* MockCheatsheetsDataService.swift */,
			);
			path = Mocks;
			sourceTree = "<group>";
		};
		C7334F412D338CF100565CDD /* View */ = {
			isa = PBXGroup;
			children = (
				C76C0F1D2D3225B200570AEA /* CheatsheetContentView.swift */,
				C7E8BFDC2D32E98B00A48C9B /* CheatsheetDetailView.swift */,
				C73F59682D35C276009DADD8 /* CheatsheetRowView.swift */,
				C7C85EB42D2F0A5E00BB181B /* CheatsheetsView.swift */,
			);
			path = View;
			sourceTree = "<group>";
		};
		C7334F422D338CFD00565CDD /* Model */ = {
			isa = PBXGroup;
			children = (
				C7334F432D338D4600565CDD /* Cheatsheet.swift */,
			);
			path = Model;
			sourceTree = "<group>";
		};
		C7334F452D338DBE00565CDD /* ViewModel */ = {
			isa = PBXGroup;
			children = (
				C7334F462D338DF200565CDD /* CheatsheetsViewModel.swift */,
			);
			path = ViewModel;
			sourceTree = "<group>";
		};
		C73F596A2D35D1D9009DADD8 /* App */ = {
			isa = PBXGroup;
			children = (
				C76C0F1B2D32213B00570AEA /* AppDelegate.swift */,
				C752481A2D2EF36C008034FE /* ContentView.swift */,
				C75248182D2EF36C008034FE /* DevStackApp.swift */,
			);
			path = App;
			sourceTree = "<group>";
		};
		C752480C2D2EF36C008034FE = {
			isa = PBXGroup;
			children = (
				C75248172D2EF36C008034FE /* DevStack */,
				C75248162D2EF36C008034FE /* Products */,
			);
			sourceTree = "<group>";
		};
		C75248162D2EF36C008034FE /* Products */ = {
			isa = PBXGroup;
			children = (
				C75248152D2EF36C008034FE /* DevStack.app */,
			);
			name = Products;
			sourceTree = "<group>";
		};
		C75248172D2EF36C008034FE /* DevStack */ = {
			isa = PBXGroup;
			children = (
				C73F596A2D35D1D9009DADD8 /* App */,
				C7C85EB62D2F2C9900BB181B /* Features */,
				C76C0F172D321D6100570AEA /* Shared */,
				C752481C2D2EF36D008034FE /* Assets.xcassets */,
				C752481E2D2EF36D008034FE /* Preview Content */,
			);
			path = DevStack;
			sourceTree = "<group>";
		};
		C752481E2D2EF36D008034FE /* Preview Content */ = {
			isa = PBXGroup;
			children = (
				C76C0F132D321A9700570AEA /* cheatsheets.json */,
				C752481F2D2EF36D008034FE /* Preview Assets.xcassets */,
				C76C0F152D321ABC00570AEA /* PreviewData.swift */,
				C79DD1E12D3627730042F095 /* PreviewViewModel.swift */,
			);
			path = "Preview Content";
			sourceTree = "<group>";
		};
		C76C0F172D321D6100570AEA /* Shared */ = {
			isa = PBXGroup;
			children = (
				C788ABA02D3495C100CEA2E5 /* Components */,
				C76C0F1A2D321D7F00570AEA /* Extensions */,
				C716E8612D39D11000E4DEBC /* Mocks */,
			);
			path = Shared;
			sourceTree = "<group>";
		};
		C76C0F1A2D321D7F00570AEA /* Extensions */ = {
			isa = PBXGroup;
			children = (
				C76C0F182D321D7900570AEA /* Color.swift */,
			);
			path = Extensions;
			sourceTree = "<group>";
		};
		C788ABA02D3495C100CEA2E5 /* Components */ = {
			isa = PBXGroup;
			children = (
				C79CAABB2D36FD4400562029 /* Markdown */,
				C788ABA32D3498D600CEA2E5 /* CachedImageView.swift */,
			);
			path = Components;
			sourceTree = "<group>";
		};
		C79CAABB2D36FD4400562029 /* Markdown */ = {
			isa = PBXGroup;
			children = (
				C760EBB42D33044000BC09A0 /* MarkdownTheme.swift */,
				C79CAABE2D36FDE600562029 /* MarkdownView.swift */,
				C7C85EB02D2F041E00BB181B /* SplashCodeSyntaxHighlighter.swift */,
				C7C85EB22D2F045700BB181B /* TextOutputFormat.swift */,
			);
			path = Markdown;
			sourceTree = "<group>";
		};
		C7C85EB62D2F2C9900BB181B /* Features */ = {
			isa = PBXGroup;
			children = (
				C7C85EB72D2F2CA100BB181B /* Cheatsheets */,
			);
			path = Features;
			sourceTree = "<group>";
		};
		C7C85EB72D2F2CA100BB181B /* Cheatsheets */ = {
			isa = PBXGroup;
			children = (
				C7334F422D338CFD00565CDD /* Model */,
				C7334F412D338CF100565CDD /* View */,
				C7334F452D338DBE00565CDD /* ViewModel */,
				C716E85C2D39CB4D00E4DEBC /* Service */,
			);
			path = Cheatsheets;
			sourceTree = "<group>";
		};
/* End PBXGroup section */

/* Begin PBXNativeTarget section */
		C75248142D2EF36C008034FE /* DevStack */ = {
			isa = PBXNativeTarget;
			buildConfigurationList = C75248232D2EF36D008034FE /* Build configuration list for PBXNativeTarget "DevStack" */;
			buildPhases = (
				C75248112D2EF36C008034FE /* Sources */,
				C75248122D2EF36C008034FE /* Frameworks */,
				C75248132D2EF36C008034FE /* Resources */,
			);
			buildRules = (
			);
			dependencies = (
			);
			name = DevStack;
			packageProductDependencies = (
				C70E9FE32D2EFA2D009D847F /* MarkdownUI */,
				C7C85EA62D2F030B00BB181B /* Splash */,
				C7C85EA82D2F030B00BB181B /* SplashHTMLGen */,
				C7C85EAA2D2F030B00BB181B /* SplashImageGen */,
				C7C85EAC2D2F030B00BB181B /* SplashMarkdown */,
				C7C85EAE2D2F030B00BB181B /* SplashTokenizer */,
				C71A3B552D31D0C50009791F /* SDWebImageSwiftUI */,
				C71A3B5B2D31DD710009791F /* SDWebImageSVGNativeCoder */,
				C716E85A2D39977E00E4DEBC /* AsyncAlgorithms */,
			);
			productName = DevStack;
			productReference = C75248152D2EF36C008034FE /* DevStack.app */;
			productType = "com.apple.product-type.application";
		};
/* End PBXNativeTarget section */

/* Begin PBXProject section */
		C752480D2D2EF36C008034FE /* Project object */ = {
			isa = PBXProject;
			attributes = {
				BuildIndependentTargetsInParallel = 1;
				LastSwiftUpdateCheck = 1520;
				LastUpgradeCheck = 1520;
				TargetAttributes = {
					C75248142D2EF36C008034FE = {
						CreatedOnToolsVersion = 15.2;
					};
				};
			};
			buildConfigurationList = C75248102D2EF36C008034FE /* Build configuration list for PBXProject "DevStack" */;
			compatibilityVersion = "Xcode 14.0";
			developmentRegion = en;
			hasScannedForEncodings = 0;
			knownRegions = (
				en,
				Base,
			);
			mainGroup = C752480C2D2EF36C008034FE;
			packageReferences = (
				C70E9FE22D2EFA2D009D847F /* XCRemoteSwiftPackageReference "swift-markdown-ui" */,
				C7C85EA52D2F030B00BB181B /* XCRemoteSwiftPackageReference "Splash" */,
				C71A3B542D31D0C50009791F /* XCRemoteSwiftPackageReference "SDWebImageSwiftUI" */,
				C71A3B5A2D31DD710009791F /* XCRemoteSwiftPackageReference "SDWebImageSVGNativeCoder" */,
				C716E8592D39977D00E4DEBC /* XCRemoteSwiftPackageReference "swift-async-algorithms" */,
			);
			productRefGroup = C75248162D2EF36C008034FE /* Products */;
			projectDirPath = "";
			projectRoot = "";
			targets = (
				C75248142D2EF36C008034FE /* DevStack */,
			);
		};
/* End PBXProject section */

/* Begin PBXResourcesBuildPhase section */
		C75248132D2EF36C008034FE /* Resources */ = {
			isa = PBXResourcesBuildPhase;
			buildActionMask = 2147483647;
			files = (
				C75248202D2EF36D008034FE /* Preview Assets.xcassets in Resources */,
				C76C0F142D321A9700570AEA /* cheatsheets.json in Resources */,
				C752481D2D2EF36D008034FE /* Assets.xcassets in Resources */,
			);
			runOnlyForDeploymentPostprocessing = 0;
		};
/* End PBXResourcesBuildPhase section */

/* Begin PBXSourcesBuildPhase section */
		C75248112D2EF36C008034FE /* Sources */ = {
			isa = PBXSourcesBuildPhase;
			buildActionMask = 2147483647;
			files = (
				C76C0F162D321ABC00570AEA /* PreviewData.swift in Sources */,
				C73F59692D35C276009DADD8 /* CheatsheetRowView.swift in Sources */,
				C79CAABF2D36FDE600562029 /* MarkdownView.swift in Sources */,
				C752481B2D2EF36C008034FE /* ContentView.swift in Sources */,
				C7C85EB52D2F0A5E00BB181B /* CheatsheetsView.swift in Sources */,
				C7C85EB32D2F045700BB181B /* TextOutputFormat.swift in Sources */,
				C760EBB52D33044000BC09A0 /* MarkdownTheme.swift in Sources */,
				C788ABA42D3498D600CEA2E5 /* CachedImageView.swift in Sources */,
				C7E8BFDD2D32E98B00A48C9B /* CheatsheetDetailView.swift in Sources */,
				C716E8632D39D14000E4DEBC /* MockCheatsheetsDataService.swift in Sources */,
				C7334F472D338DF200565CDD /* CheatsheetsViewModel.swift in Sources */,
				C75248192D2EF36C008034FE /* DevStackApp.swift in Sources */,
				C7C85EB12D2F041E00BB181B /* SplashCodeSyntaxHighlighter.swift in Sources */,
				C76C0F1C2D32213B00570AEA /* AppDelegate.swift in Sources */,
				C7334F442D338D4600565CDD /* Cheatsheet.swift in Sources */,
				C79DD1E22D3627730042F095 /* PreviewViewModel.swift in Sources */,
				C716E8602D39CE7500E4DEBC /* CheatsheetsDataService.swift in Sources */,
				C716E85E2D39CBB300E4DEBC /* CheatsheetsDataServiceProtocol.swift in Sources */,
				C76C0F1E2D3225B200570AEA /* CheatsheetContentView.swift in Sources */,
				C76C0F192D321D7900570AEA /* Color.swift in Sources */,
			);
			runOnlyForDeploymentPostprocessing = 0;
		};
/* End PBXSourcesBuildPhase section */

/* Begin XCBuildConfiguration section */
		C75248212D2EF36D008034FE /* Debug */ = {
			isa = XCBuildConfiguration;
			buildSettings = {
				ALWAYS_SEARCH_USER_PATHS = NO;
				ASSETCATALOG_COMPILER_GENERATE_SWIFT_ASSET_SYMBOL_EXTENSIONS = YES;
				CLANG_ANALYZER_NONNULL = YES;
				CLANG_ANALYZER_NUMBER_OBJECT_CONVERSION = YES_AGGRESSIVE;
				CLANG_CXX_LANGUAGE_STANDARD = "gnu++20";
				CLANG_ENABLE_MODULES = YES;
				CLANG_ENABLE_OBJC_ARC = YES;
				CLANG_ENABLE_OBJC_WEAK = YES;
				CLANG_WARN_BLOCK_CAPTURE_AUTORELEASING = YES;
				CLANG_WARN_BOOL_CONVERSION = YES;
				CLANG_WARN_COMMA = YES;
				CLANG_WARN_CONSTANT_CONVERSION = YES;
				CLANG_WARN_DEPRECATED_OBJC_IMPLEMENTATIONS = YES;
				CLANG_WARN_DIRECT_OBJC_ISA_USAGE = YES_ERROR;
				CLANG_WARN_DOCUMENTATION_COMMENTS = YES;
				CLANG_WARN_EMPTY_BODY = YES;
				CLANG_WARN_ENUM_CONVERSION = YES;
				CLANG_WARN_INFINITE_RECURSION = YES;
				CLANG_WARN_INT_CONVERSION = YES;
				CLANG_WARN_NON_LITERAL_NULL_CONVERSION = YES;
				CLANG_WARN_OBJC_IMPLICIT_RETAIN_SELF = YES;
				CLANG_WARN_OBJC_LITERAL_CONVERSION = YES;
				CLANG_WARN_OBJC_ROOT_CLASS = YES_ERROR;
				CLANG_WARN_QUOTED_INCLUDE_IN_FRAMEWORK_HEADER = YES;
				CLANG_WARN_RANGE_LOOP_ANALYSIS = YES;
				CLANG_WARN_STRICT_PROTOTYPES = YES;
				CLANG_WARN_SUSPICIOUS_MOVE = YES;
				CLANG_WARN_UNGUARDED_AVAILABILITY = YES_AGGRESSIVE;
				CLANG_WARN_UNREACHABLE_CODE = YES;
				CLANG_WARN__DUPLICATE_METHOD_MATCH = YES;
				COPY_PHASE_STRIP = NO;
				DEBUG_INFORMATION_FORMAT = dwarf;
				ENABLE_STRICT_OBJC_MSGSEND = YES;
				ENABLE_TESTABILITY = YES;
				ENABLE_USER_SCRIPT_SANDBOXING = YES;
				GCC_C_LANGUAGE_STANDARD = gnu17;
				GCC_DYNAMIC_NO_PIC = NO;
				GCC_NO_COMMON_BLOCKS = YES;
				GCC_OPTIMIZATION_LEVEL = 0;
				GCC_PREPROCESSOR_DEFINITIONS = (
					"DEBUG=1",
					"$(inherited)",
				);
				GCC_WARN_64_TO_32_BIT_CONVERSION = YES;
				GCC_WARN_ABOUT_RETURN_TYPE = YES_ERROR;
				GCC_WARN_UNDECLARED_SELECTOR = YES;
				GCC_WARN_UNINITIALIZED_AUTOS = YES_AGGRESSIVE;
				GCC_WARN_UNUSED_FUNCTION = YES;
				GCC_WARN_UNUSED_VARIABLE = YES;
				IPHONEOS_DEPLOYMENT_TARGET = 17.2;
				LOCALIZATION_PREFERS_STRING_CATALOGS = YES;
				MTL_ENABLE_DEBUG_INFO = INCLUDE_SOURCE;
				MTL_FAST_MATH = YES;
				ONLY_ACTIVE_ARCH = YES;
				SDKROOT = iphoneos;
				SWIFT_ACTIVE_COMPILATION_CONDITIONS = "DEBUG $(inherited)";
				SWIFT_OPTIMIZATION_LEVEL = "-Onone";
			};
			name = Debug;
		};
		C75248222D2EF36D008034FE /* Release */ = {
			isa = XCBuildConfiguration;
			buildSettings = {
				ALWAYS_SEARCH_USER_PATHS = NO;
				ASSETCATALOG_COMPILER_GENERATE_SWIFT_ASSET_SYMBOL_EXTENSIONS = YES;
				CLANG_ANALYZER_NONNULL = YES;
				CLANG_ANALYZER_NUMBER_OBJECT_CONVERSION = YES_AGGRESSIVE;
				CLANG_CXX_LANGUAGE_STANDARD = "gnu++20";
				CLANG_ENABLE_MODULES = YES;
				CLANG_ENABLE_OBJC_ARC = YES;
				CLANG_ENABLE_OBJC_WEAK = YES;
				CLANG_WARN_BLOCK_CAPTURE_AUTORELEASING = YES;
				CLANG_WARN_BOOL_CONVERSION = YES;
				CLANG_WARN_COMMA = YES;
				CLANG_WARN_CONSTANT_CONVERSION = YES;
				CLANG_WARN_DEPRECATED_OBJC_IMPLEMENTATIONS = YES;
				CLANG_WARN_DIRECT_OBJC_ISA_USAGE = YES_ERROR;
				CLANG_WARN_DOCUMENTATION_COMMENTS = YES;
				CLANG_WARN_EMPTY_BODY = YES;
				CLANG_WARN_ENUM_CONVERSION = YES;
				CLANG_WARN_INFINITE_RECURSION = YES;
				CLANG_WARN_INT_CONVERSION = YES;
				CLANG_WARN_NON_LITERAL_NULL_CONVERSION = YES;
				CLANG_WARN_OBJC_IMPLICIT_RETAIN_SELF = YES;
				CLANG_WARN_OBJC_LITERAL_CONVERSION = YES;
				CLANG_WARN_OBJC_ROOT_CLASS = YES_ERROR;
				CLANG_WARN_QUOTED_INCLUDE_IN_FRAMEWORK_HEADER = YES;
				CLANG_WARN_RANGE_LOOP_ANALYSIS = YES;
				CLANG_WARN_STRICT_PROTOTYPES = YES;
				CLANG_WARN_SUSPICIOUS_MOVE = YES;
				CLANG_WARN_UNGUARDED_AVAILABILITY = YES_AGGRESSIVE;
				CLANG_WARN_UNREACHABLE_CODE = YES;
				CLANG_WARN__DUPLICATE_METHOD_MATCH = YES;
				COPY_PHASE_STRIP = NO;
				DEBUG_INFORMATION_FORMAT = "dwarf-with-dsym";
				ENABLE_NS_ASSERTIONS = NO;
				ENABLE_STRICT_OBJC_MSGSEND = YES;
				ENABLE_USER_SCRIPT_SANDBOXING = YES;
				GCC_C_LANGUAGE_STANDARD = gnu17;
				GCC_NO_COMMON_BLOCKS = YES;
				GCC_WARN_64_TO_32_BIT_CONVERSION = YES;
				GCC_WARN_ABOUT_RETURN_TYPE = YES_ERROR;
				GCC_WARN_UNDECLARED_SELECTOR = YES;
				GCC_WARN_UNINITIALIZED_AUTOS = YES_AGGRESSIVE;
				GCC_WARN_UNUSED_FUNCTION = YES;
				GCC_WARN_UNUSED_VARIABLE = YES;
				IPHONEOS_DEPLOYMENT_TARGET = 17.2;
				LOCALIZATION_PREFERS_STRING_CATALOGS = YES;
				MTL_ENABLE_DEBUG_INFO = NO;
				MTL_FAST_MATH = YES;
				SDKROOT = iphoneos;
				SWIFT_COMPILATION_MODE = wholemodule;
				VALIDATE_PRODUCT = YES;
			};
			name = Release;
		};
		C75248242D2EF36D008034FE /* Debug */ = {
			isa = XCBuildConfiguration;
			buildSettings = {
				ASSETCATALOG_COMPILER_APPICON_NAME = AppIcon;
				ASSETCATALOG_COMPILER_GLOBAL_ACCENT_COLOR_NAME = AccentColor;
				CODE_SIGN_STYLE = Automatic;
				CURRENT_PROJECT_VERSION = 1;
				DEVELOPMENT_ASSET_PATHS = "\"DevStack/Preview Content\"";
				DEVELOPMENT_TEAM = 2ZSN5QWX2S;
				ENABLE_PREVIEWS = YES;
				GENERATE_INFOPLIST_FILE = YES;
				INFOPLIST_KEY_CFBundleDisplayName = "Dev Stack";
				INFOPLIST_KEY_LSApplicationCategoryType = "public.app-category.education";
				INFOPLIST_KEY_UIApplicationSceneManifest_Generation = YES;
				INFOPLIST_KEY_UIApplicationSupportsIndirectInputEvents = YES;
				INFOPLIST_KEY_UILaunchScreen_Generation = YES;
				INFOPLIST_KEY_UISupportedInterfaceOrientations_iPad = "UIInterfaceOrientationPortrait UIInterfaceOrientationPortraitUpsideDown UIInterfaceOrientationLandscapeLeft UIInterfaceOrientationLandscapeRight";
				INFOPLIST_KEY_UISupportedInterfaceOrientations_iPhone = "UIInterfaceOrientationPortrait UIInterfaceOrientationLandscapeLeft UIInterfaceOrientationLandscapeRight";
				IPHONEOS_DEPLOYMENT_TARGET = 17.0;
				LD_RUNPATH_SEARCH_PATHS = (
					"$(inherited)",
					"@executable_path/Frameworks",
				);
				MARKETING_VERSION = 1.0;
				PRODUCT_BUNDLE_IDENTIFIER = com.ivansaul.devstack;
				PRODUCT_NAME = "$(TARGET_NAME)";
				SWIFT_EMIT_LOC_STRINGS = YES;
				SWIFT_VERSION = 5.0;
				TARGETED_DEVICE_FAMILY = "1,2";
			};
			name = Debug;
		};
		C75248252D2EF36D008034FE /* Release */ = {
			isa = XCBuildConfiguration;
			buildSettings = {
				ASSETCATALOG_COMPILER_APPICON_NAME = AppIcon;
				ASSETCATALOG_COMPILER_GLOBAL_ACCENT_COLOR_NAME = AccentColor;
				CODE_SIGN_STYLE = Automatic;
				CURRENT_PROJECT_VERSION = 1;
				DEVELOPMENT_ASSET_PATHS = "\"DevStack/Preview Content\"";
				DEVELOPMENT_TEAM = 2ZSN5QWX2S;
				ENABLE_PREVIEWS = YES;
				GENERATE_INFOPLIST_FILE = YES;
				INFOPLIST_KEY_CFBundleDisplayName = "Dev Stack";
				INFOPLIST_KEY_LSApplicationCategoryType = "public.app-category.education";
				INFOPLIST_KEY_UIApplicationSceneManifest_Generation = YES;
				INFOPLIST_KEY_UIApplicationSupportsIndirectInputEvents = YES;
				INFOPLIST_KEY_UILaunchScreen_Generation = YES;
				INFOPLIST_KEY_UISupportedInterfaceOrientations_iPad = "UIInterfaceOrientationPortrait UIInterfaceOrientationPortraitUpsideDown UIInterfaceOrientationLandscapeLeft UIInterfaceOrientationLandscapeRight";
				INFOPLIST_KEY_UISupportedInterfaceOrientations_iPhone = "UIInterfaceOrientationPortrait UIInterfaceOrientationLandscapeLeft UIInterfaceOrientationLandscapeRight";
				IPHONEOS_DEPLOYMENT_TARGET = 17.0;
				LD_RUNPATH_SEARCH_PATHS = (
					"$(inherited)",
					"@executable_path/Frameworks",
				);
				MARKETING_VERSION = 1.0;
				PRODUCT_BUNDLE_IDENTIFIER = com.ivansaul.devstack;
				PRODUCT_NAME = "$(TARGET_NAME)";
				SWIFT_EMIT_LOC_STRINGS = YES;
				SWIFT_VERSION = 5.0;
				TARGETED_DEVICE_FAMILY = "1,2";
			};
			name = Release;
		};
/* End XCBuildConfiguration section */

/* Begin XCConfigurationList section */
		C75248102D2EF36C008034FE /* Build configuration list for PBXProject "DevStack" */ = {
			isa = XCConfigurationList;
			buildConfigurations = (
				C75248212D2EF36D008034FE /* Debug */,
				C75248222D2EF36D008034FE /* Release */,
			);
			defaultConfigurationIsVisible = 0;
			defaultConfigurationName = Release;
		};
		C75248232D2EF36D008034FE /* Build configuration list for PBXNativeTarget "DevStack" */ = {
			isa = XCConfigurationList;
			buildConfigurations = (
				C75248242D2EF36D008034FE /* Debug */,
				C75248252D2EF36D008034FE /* Release */,
			);
			defaultConfigurationIsVisible = 0;
			defaultConfigurationName = Release;
		};
/* End XCConfigurationList section */

/* Begin XCRemoteSwiftPackageReference section */
		C70E9FE22D2EFA2D009D847F /* XCRemoteSwiftPackageReference "swift-markdown-ui" */ = {
			isa = XCRemoteSwiftPackageReference;
			repositoryURL = "https://github.com/gonzalezreal/swift-markdown-ui";
			requirement = {
				kind = upToNextMajorVersion;
				minimumVersion = 2.4.1;
			};
		};
		C716E8592D39977D00E4DEBC /* XCRemoteSwiftPackageReference "swift-async-algorithms" */ = {
			isa = XCRemoteSwiftPackageReference;
			repositoryURL = "https://github.com/apple/swift-async-algorithms.git";
			requirement = {
				kind = upToNextMajorVersion;
				minimumVersion = 1.0.3;
			};
		};
		C71A3B542D31D0C50009791F /* XCRemoteSwiftPackageReference "SDWebImageSwiftUI" */ = {
			isa = XCRemoteSwiftPackageReference;
			repositoryURL = "https://github.com/SDWebImage/SDWebImageSwiftUI";
			requirement = {
				kind = upToNextMajorVersion;
				minimumVersion = 3.1.3;
			};
		};
		C71A3B5A2D31DD710009791F /* XCRemoteSwiftPackageReference "SDWebImageSVGNativeCoder" */ = {
			isa = XCRemoteSwiftPackageReference;
			repositoryURL = "https://github.com/SDWebImage/SDWebImageSVGNativeCoder";
			requirement = {
				kind = upToNextMajorVersion;
				minimumVersion = 0.2.0;
			};
		};
		C7C85EA52D2F030B00BB181B /* XCRemoteSwiftPackageReference "Splash" */ = {
			isa = XCRemoteSwiftPackageReference;
			repositoryURL = "https://github.com/JohnSundell/Splash";
			requirement = {
				kind = upToNextMajorVersion;
				minimumVersion = 0.16.0;
			};
		};
/* End XCRemoteSwiftPackageReference section */

/* Begin XCSwiftPackageProductDependency section */
		C70E9FE32D2EFA2D009D847F /* MarkdownUI */ = {
			isa = XCSwiftPackageProductDependency;
			package = C70E9FE22D2EFA2D009D847F /* XCRemoteSwiftPackageReference "swift-markdown-ui" */;
			productName = MarkdownUI;
		};
		C716E85A2D39977E00E4DEBC /* AsyncAlgorithms */ = {
			isa = XCSwiftPackageProductDependency;
			package = C716E8592D39977D00E4DEBC /* XCRemoteSwiftPackageReference "swift-async-algorithms" */;
			productName = AsyncAlgorithms;
		};
		C71A3B552D31D0C50009791F /* SDWebImageSwiftUI */ = {
			isa = XCSwiftPackageProductDependency;
			package = C71A3B542D31D0C50009791F /* XCRemoteSwiftPackageReference "SDWebImageSwiftUI" */;
			productName = SDWebImageSwiftUI;
		};
		C71A3B5B2D31DD710009791F /* SDWebImageSVGNativeCoder */ = {
			isa = XCSwiftPackageProductDependency;
			package = C71A3B5A2D31DD710009791F /* XCRemoteSwiftPackageReference "SDWebImageSVGNativeCoder" */;
			productName = SDWebImageSVGNativeCoder;
		};
		C7C85EA62D2F030B00BB181B /* Splash */ = {
			isa = XCSwiftPackageProductDependency;
			package = C7C85EA52D2F030B00BB181B /* XCRemoteSwiftPackageReference "Splash" */;
			productName = Splash;
		};
		C7C85EA82D2F030B00BB181B /* SplashHTMLGen */ = {
			isa = XCSwiftPackageProductDependency;
			package = C7C85EA52D2F030B00BB181B /* XCRemoteSwiftPackageReference "Splash" */;
			productName = SplashHTMLGen;
		};
		C7C85EAA2D2F030B00BB181B /* SplashImageGen */ = {
			isa = XCSwiftPackageProductDependency;
			package = C7C85EA52D2F030B00BB181B /* XCRemoteSwiftPackageReference "Splash" */;
			productName = SplashImageGen;
		};
		C7C85EAC2D2F030B00BB181B /* SplashMarkdown */ = {
			isa = XCSwiftPackageProductDependency;
			package = C7C85EA52D2F030B00BB181B /* XCRemoteSwiftPackageReference "Splash" */;
			productName = SplashMarkdown;
		};
		C7C85EAE2D2F030B00BB181B /* SplashTokenizer */ = {
			isa = XCSwiftPackageProductDependency;
			package = C7C85EA52D2F030B00BB181B /* XCRemoteSwiftPackageReference "Splash" */;
			productName = SplashTokenizer;
		};
/* End XCSwiftPackageProductDependency section */
	};
	rootObject = C752480D2D2EF36C008034FE /* Project object */;
}
